[root]
name = "gol_tcod"
version = "0.0.1"
dependencies = [
 "gol 0.0.1 (git+https://github.com/deadalusai/gol-rs.git)",
 "tcod 0.2.0 (git+https://github.com/tomassedovic/tcod-rs.git)",
]

[[package]]
name = "gol"
version = "0.0.1"
source = "git+https://github.com/deadalusai/gol-rs.git#7c5fbe8cb34aff481df535c2f0b014b0d83926a1"

[[package]]
name = "tcod"
version = "0.2.0"
source = "git+https://github.com/tomassedovic/tcod-rs.git#0f51d5dba0deeca29c3b9e2a24a447051dd63466"

