[root]
name = "gol_tcod"
version = "0.0.1"
dependencies = [
 "gol 0.0.2 (git+https://github.com/deadalusai/gol-rs.git)",
 "rand 0.3.8 (registry+https://github.com/rust-lang/crates.io-index)",
 "tcod 0.6.0 (git+https://github.com/tomassedovic/tcod-rs.git?rev=64510dbd86388cd5667b8b92d097e722e6c28aa4)",
]

[[package]]
name = "bitflags"
version = "0.1.1"
source = "registry+https://github.com/rust-lang/crates.io-index"

[[package]]
name = "gcc"
version = "0.3.8"
source = "registry+https://github.com/rust-lang/crates.io-index"

[[package]]
name = "gol"
version = "0.0.2"
source = "git+https://github.com/deadalusai/gol-rs.git#5d138bd720e2046192752956f731e2a32b137bc4"
dependencies = [
 "rand 0.3.8 (registry+https://github.com/rust-lang/crates.io-index)",
]

[[package]]
name = "libc"
version = "0.1.8"
source = "registry+https://github.com/rust-lang/crates.io-index"

[[package]]
name = "rand"
version = "0.3.8"
source = "registry+https://github.com/rust-lang/crates.io-index"
dependencies = [
 "libc 0.1.8 (registry+https://github.com/rust-lang/crates.io-index)",
]

[[package]]
name = "tcod"
version = "0.6.0"
source = "git+https://github.com/tomassedovic/tcod-rs.git?rev=64510dbd86388cd5667b8b92d097e722e6c28aa4#64510dbd86388cd5667b8b92d097e722e6c28aa4"
dependencies = [
 "bitflags 0.1.1 (registry+https://github.com/rust-lang/crates.io-index)",
 "libc 0.1.8 (registry+https://github.com/rust-lang/crates.io-index)",
 "tcod-sys 2.0.11 (git+https://github.com/tomassedovic/tcod-rs.git?rev=64510dbd86388cd5667b8b92d097e722e6c28aa4)",
 "time 0.1.26 (registry+https://github.com/rust-lang/crates.io-index)",
]

[[package]]
name = "tcod-sys"
version = "2.0.11"
source = "git+https://github.com/tomassedovic/tcod-rs.git?rev=64510dbd86388cd5667b8b92d097e722e6c28aa4#64510dbd86388cd5667b8b92d097e722e6c28aa4"
dependencies = [
 "libc 0.1.8 (registry+https://github.com/rust-lang/crates.io-index)",
]

[[package]]
name = "time"
version = "0.1.26"
source = "registry+https://github.com/rust-lang/crates.io-index"
dependencies = [
 "gcc 0.3.8 (registry+https://github.com/rust-lang/crates.io-index)",
 "libc 0.1.8 (registry+https://github.com/rust-lang/crates.io-index)",
]

